Microsoft Visual Studio Solution File, Format Version 12.00
# Visual Studio Version 17
VisualStudioVersion = 17.5.2.0
MinimumVisualStudioVersion = 10.0.40219.1
Project("{FAE04EC0-301F-11D3-BF4B-00C04F79EFBC}") = "ScaleTrackAPI", "ScaleTrackAPI\ScaleTrackAPI.csproj", "{D8BE79C8-9D3E-69FF-0D22-0ED8D7319E3E}"
EndProject
Global
	GlobalSection(SolutionConfigurationPlatforms) = preSolution
		Debug|Any CPU = Debug|Any CPU
		Release|Any CPU = Release|Any CPU
	EndGlobalSection
	GlobalSection(ProjectConfigurationPlatforms) = postSolution
		{D8BE79C8-9D3E-69FF-0D22-0ED8D7319E3E}.Debug|Any CPU.ActiveCfg = Debug|Any CPU
		{D8BE79C8-9D3E-69FF-0D22-0ED8D7319E3E}.Debug|Any CPU.Build.0 = Debug|Any CPU
		{D8BE79C8-9D3E-69FF-0D22-0ED8D7319E3E}.Release|Any CPU.ActiveCfg = Release|Any CPU
		{D8BE79C8-9D3E-69FF-0D22-0ED8D7319E3E}.Release|Any CPU.Build.0 = Release|Any CPU
	EndGlobalSection
	GlobalSection(SolutionProperties) = preSolution
		HideSolutionNode = FALSE
	EndGlobalSection
	GlobalSection(ExtensibilityGlobals) = postSolution
		SolutionGuid = {B16008FE-D197-480F-9EA5-1620C383DD7A}
	EndGlobalSection
EndGlobal
